
Microsoft Visual Studio Solution File, Format Version 12.00
# Visual Studio Version 17
VisualStudioVersion = 17.3.32929.385
MinimumVisualStudioVersion = 10.0.40219.1
Project("{FAE04EC0-301F-11D3-BF4B-00C04F79EFBC}") = "Practica", "Practica\Practica.csproj", "{4B312D0B-3A68-487E-A949-C99D0C5FDE48}"
EndProject
Global
	GlobalSection(SolutionConfigurationPlatforms) = preSolution
		Debug|Any CPU = Debug|Any CPU
		Release|Any CPU = Release|Any CPU
	EndGlobalSection
	GlobalSection(ProjectConfigurationPlatforms) = postSolution
		{4B312D0B-3A68-487E-A949-C99D0C5FDE48}.Debug|Any CPU.ActiveCfg = Debug|Any CPU
		{4B312D0B-3A68-487E-A949-C99D0C5FDE48}.Debug|Any CPU.Build.0 = Debug|Any CPU
		{4B312D0B-3A68-487E-A949-C99D0C5FDE48}.Release|Any CPU.ActiveCfg = Release|Any CPU
		{4B312D0B-3A68-487E-A949-C99D0C5FDE48}.Release|Any CPU.Build.0 = Release|Any CPU
	EndGlobalSection
	GlobalSection(SolutionProperties) = preSolution
		HideSolutionNode = FALSE
	EndGlobalSection
	GlobalSection(ExtensibilityGlobals) = postSolution
		SolutionGuid = {B01AE1D2-2AC0-4A4E-89A2-7171ACF0CDBC}
	EndGlobalSection
EndGlobal
